// !$*UTF8*$!
{
	archiveVersion = 1;
	classes = {
	};
	objectVersion = 46;
	objects = {

/* Begin PBXBuildFile section */
		45288DB2199E55F900433A3C /* AppDelegate.m in Sources */ = {isa = PBXBuildFile; fileRef = 45288DB1199E55F900433A3C /* AppDelegate.m */; };
		45288DB4199E606900433A3C /* all_nodes.json in Resources */ = {isa = PBXBuildFile; fileRef = 45288DB3199E606900433A3C /* all_nodes.json */; };
		45288DBA199F50AF00433A3C /* icon_add@2x.png in Resources */ = {isa = PBXBuildFile; fileRef = 45288DB7199F50AF00433A3C /* icon_add@2x.png */; };
		45288DBB199F50AF00433A3C /* icon_finish@2x.png in Resources */ = {isa = PBXBuildFile; fileRef = 45288DB8199F50AF00433A3C /* icon_finish@2x.png */; };
		45288DBC199F50AF00433A3C /* icon_menu@2x.png in Resources */ = {isa = PBXBuildFile; fileRef = 45288DB9199F50AF00433A3C /* icon_menu@2x.png */; };
		45288DC4199F55B600433A3C /* icon_account@2x.png in Resources */ = {isa = PBXBuildFile; fileRef = 45288DBD199F55B600433A3C /* icon_account@2x.png */; };
		45288DC5199F55B600433A3C /* icon_all_nodes.png in Resources */ = {isa = PBXBuildFile; fileRef = 45288DBE199F55B600433A3C /* icon_all_nodes.png */; };
		45288DC6199F55B600433A3C /* icon_bookmark.png in Resources */ = {isa = PBXBuildFile; fileRef = 45288DBF199F55B600433A3C /* icon_bookmark.png */; };
		45288DC7199F55B600433A3C /* icon_comment.png in Resources */ = {isa = PBXBuildFile; fileRef = 45288DC0199F55B600433A3C /* icon_comment.png */; };
		45288DC8199F55B600433A3C /* icon_hot.png in Resources */ = {isa = PBXBuildFile; fileRef = 45288DC1199F55B600433A3C /* icon_hot.png */; };
		45288DC9199F55B600433A3C /* icon_latest.png in Resources */ = {isa = PBXBuildFile; fileRef = 45288DC2199F55B600433A3C /* icon_latest.png */; };
		45288DCA199F55B600433A3C /* icon_setting.png in Resources */ = {isa = PBXBuildFile; fileRef = 45288DC3199F55B600433A3C /* icon_setting.png */; };
		45288DCE19A08D9E00433A3C /* MenuItemCell.m in Sources */ = {isa = PBXBuildFile; fileRef = 45288DCC19A08D9E00433A3C /* MenuItemCell.m */; };
		45288DCF19A08D9E00433A3C /* MenuItemCell.xib in Resources */ = {isa = PBXBuildFile; fileRef = 45288DCD19A08D9E00433A3C /* MenuItemCell.xib */; };
		45288DD319A0979500433A3C /* AccountCell.m in Sources */ = {isa = PBXBuildFile; fileRef = 45288DD119A0979500433A3C /* AccountCell.m */; };
		45288DD419A0979500433A3C /* AccountCell.xib in Resources */ = {isa = PBXBuildFile; fileRef = 45288DD219A0979500433A3C /* AccountCell.xib */; };
		45288DD719A0ADD600433A3C /* CoreStore.m in Sources */ = {isa = PBXBuildFile; fileRef = 45288DD619A0ADD600433A3C /* CoreStore.m */; };
		45288DDA19A0ADEC00433A3C /* CoreStore+V2EX.m in Sources */ = {isa = PBXBuildFile; fileRef = 45288DD919A0ADEC00433A3C /* CoreStore+V2EX.m */; };
		45288DDE19A0CD1C00433A3C /* BookmarkViewController.m in Sources */ = {isa = PBXBuildFile; fileRef = 45288DDC19A0CD1C00433A3C /* BookmarkViewController.m */; };
		45288DDF19A0CD1C00433A3C /* BookmarkViewController.xib in Resources */ = {isa = PBXBuildFile; fileRef = 45288DDD19A0CD1C00433A3C /* BookmarkViewController.xib */; };
		45288DE319A0CD4800433A3C /* BookmarkItemCell.m in Sources */ = {isa = PBXBuildFile; fileRef = 45288DE119A0CD4800433A3C /* BookmarkItemCell.m */; };
		45288DE419A0CD4800433A3C /* BookmarkItemCell.xib in Resources */ = {isa = PBXBuildFile; fileRef = 45288DE219A0CD4800433A3C /* BookmarkItemCell.xib */; };
		45288DE819A0FA6D00433A3C /* SettingViewController.m in Sources */ = {isa = PBXBuildFile; fileRef = 45288DE619A0FA6D00433A3C /* SettingViewController.m */; };
		45288DE919A0FA6D00433A3C /* SettingViewController.xib in Resources */ = {isa = PBXBuildFile; fileRef = 45288DE719A0FA6D00433A3C /* SettingViewController.xib */; };
		45288DED19A0FB4900433A3C /* AccountViewController.m in Sources */ = {isa = PBXBuildFile; fileRef = 45288DEB19A0FB4900433A3C /* AccountViewController.m */; };
		45288DEE19A0FB4900433A3C /* AccountViewController.xib in Resources */ = {isa = PBXBuildFile; fileRef = 45288DEC19A0FB4900433A3C /* AccountViewController.xib */; };
		45288DF119A0FEE800433A3C /* BaseTableViewController.m in Sources */ = {isa = PBXBuildFile; fileRef = 45288DF019A0FEE800433A3C /* BaseTableViewController.m */; };
		452B28F719A481BF0096E8C9 /* NSString+ShortName.m in Sources */ = {isa = PBXBuildFile; fileRef = 452B28F619A481BF0096E8C9 /* NSString+ShortName.m */; };
		4546F38B1975199E00F9E7CC /* TopicViewController.m in Sources */ = {isa = PBXBuildFile; fileRef = 4546F3891975199E00F9E7CC /* TopicViewController.m */; };
		4546F38C1975199E00F9E7CC /* TopicViewController.xib in Resources */ = {isa = PBXBuildFile; fileRef = 4546F38A1975199E00F9E7CC /* TopicViewController.xib */; };
		4546F39219751D2900F9E7CC /* CommentItemCell.m in Sources */ = {isa = PBXBuildFile; fileRef = 4546F39119751D2900F9E7CC /* CommentItemCell.m */; };
		4546F39619751D4900F9E7CC /* CommentItemCell.xib in Resources */ = {isa = PBXBuildFile; fileRef = 4546F39519751D4900F9E7CC /* CommentItemCell.xib */; };
		45493C2D19A9E07E0063669F /* NSString+Html.m in Sources */ = {isa = PBXBuildFile; fileRef = 45493C2C19A9E07E0063669F /* NSString+Html.m */; };
		454E04C219B2B8EA0097E828 /* TestViewController.m in Sources */ = {isa = PBXBuildFile; fileRef = 454E04C119B2B8EA0097E828 /* TestViewController.m */; };
		4556304E19985B9D004A0F19 /* UIColor+GL.m in Sources */ = {isa = PBXBuildFile; fileRef = 4556304D19985B9D004A0F19 /* UIColor+GL.m */; };
		455630501998635A004A0F19 /* icon_comment.png in Resources */ = {isa = PBXBuildFile; fileRef = 4556304F1998635A004A0F19 /* icon_comment.png */; };
		45989AC71991EBD600873C5B /* topics.json in Resources */ = {isa = PBXBuildFile; fileRef = 45989AC61991EBD600873C5B /* topics.json */; };
		4599118F196544B50098BEB3 /* Foundation.framework in Frameworks */ = {isa = PBXBuildFile; fileRef = 4599118E196544B50098BEB3 /* Foundation.framework */; };
		45991191196544B50098BEB3 /* CoreGraphics.framework in Frameworks */ = {isa = PBXBuildFile; fileRef = 45991190196544B50098BEB3 /* CoreGraphics.framework */; };
		45991193196544B50098BEB3 /* UIKit.framework in Frameworks */ = {isa = PBXBuildFile; fileRef = 45991192196544B50098BEB3 /* UIKit.framework */; };
		45991199196544B50098BEB3 /* InfoPlist.strings in Resources */ = {isa = PBXBuildFile; fileRef = 45991197196544B50098BEB3 /* InfoPlist.strings */; };
		4599119B196544B50098BEB3 /* main.m in Sources */ = {isa = PBXBuildFile; fileRef = 4599119A196544B50098BEB3 /* main.m */; };
		459911A1196544B50098BEB3 /* Images.xcassets in Resources */ = {isa = PBXBuildFile; fileRef = 459911A0196544B50098BEB3 /* Images.xcassets */; };
		459911A8196544B50098BEB3 /* XCTest.framework in Frameworks */ = {isa = PBXBuildFile; fileRef = 459911A7196544B50098BEB3 /* XCTest.framework */; };
		459911A9196544B50098BEB3 /* Foundation.framework in Frameworks */ = {isa = PBXBuildFile; fileRef = 4599118E196544B50098BEB3 /* Foundation.framework */; };
		459911AA196544B50098BEB3 /* UIKit.framework in Frameworks */ = {isa = PBXBuildFile; fileRef = 45991192196544B50098BEB3 /* UIKit.framework */; };
		459911B2196544B50098BEB3 /* InfoPlist.strings in Resources */ = {isa = PBXBuildFile; fileRef = 459911B0196544B50098BEB3 /* InfoPlist.strings */; };
		459911B4196544B50098BEB3 /* V2EXTests.m in Sources */ = {isa = PBXBuildFile; fileRef = 459911B3196544B50098BEB3 /* V2EXTests.m */; };
		45A845AA19F8CC82007AC6AA /* Node.m in Sources */ = {isa = PBXBuildFile; fileRef = 45A845A919F8CC82007AC6AA /* Node.m */; };
		45A845AD19F8CC93007AC6AA /* Topic.m in Sources */ = {isa = PBXBuildFile; fileRef = 45A845AC19F8CC93007AC6AA /* Topic.m */; };
		45A845B019F8CD03007AC6AA /* Reply.m in Sources */ = {isa = PBXBuildFile; fileRef = 45A845AF19F8CD03007AC6AA /* Reply.m */; };
		45A845B319F8CD0C007AC6AA /* Member.m in Sources */ = {isa = PBXBuildFile; fileRef = 45A845B219F8CD0C007AC6AA /* Member.m */; };
		45A845B619F8CD38007AC6AA /* Site.m in Sources */ = {isa = PBXBuildFile; fileRef = 45A845B519F8CD38007AC6AA /* Site.m */; };
		45A882071989E249008665E3 /* TopicItemCell.m in Sources */ = {isa = PBXBuildFile; fileRef = 45A882051989E249008665E3 /* TopicItemCell.m */; };
		45A882081989E249008665E3 /* TopicItemCell.xib in Resources */ = {isa = PBXBuildFile; fileRef = 45A882061989E249008665E3 /* TopicItemCell.xib */; };
		45A88210198A27E7008665E3 /* SymbolAttributedLabel.m in Sources */ = {isa = PBXBuildFile; fileRef = 45A8820F198A27E7008665E3 /* SymbolAttributedLabel.m */; };
		45AB7884196A2E9A0036DC0F /* NSData+MD5.m in Sources */ = {isa = PBXBuildFile; fileRef = 45AB7881196A2E9A0036DC0F /* NSData+MD5.m */; };
		45AB7885196A2E9A0036DC0F /* NSDate+General.m in Sources */ = {isa = PBXBuildFile; fileRef = 45AB7883196A2E9A0036DC0F /* NSDate+General.m */; };
		45AB7889196A2F1B0036DC0F /* MenuViewController.m in Sources */ = {isa = PBXBuildFile; fileRef = 45AB7887196A2F1B0036DC0F /* MenuViewController.m */; };
		45AB788A196A2F1B0036DC0F /* MenuViewController.xib in Resources */ = {isa = PBXBuildFile; fileRef = 45AB7888196A2F1B0036DC0F /* MenuViewController.xib */; };
		45AB789B196D43AA0036DC0F /* UIImage+Color.m in Sources */ = {isa = PBXBuildFile; fileRef = 45AB789A196D43AA0036DC0F /* UIImage+Color.m */; };
		45AF1BC21990B1E4004A229F /* weibo_topics.json in Resources */ = {isa = PBXBuildFile; fileRef = 45AF1BC11990B1E4004A229F /* weibo_topics.json */; };
		45B9A37A199C9FCC009901AE /* AllNodesViewController.m in Sources */ = {isa = PBXBuildFile; fileRef = 45B9A378199C9FCC009901AE /* AllNodesViewController.m */; };
		45B9A37B199C9FCC009901AE /* AllNodesViewController.xib in Resources */ = {isa = PBXBuildFile; fileRef = 45B9A379199C9FCC009901AE /* AllNodesViewController.xib */; };
		45B9A37F199CA311009901AE /* NodeItemCell.m in Sources */ = {isa = PBXBuildFile; fileRef = 45B9A37D199CA311009901AE /* NodeItemCell.m */; };
		45B9A380199CA311009901AE /* NodeItemCell.xib in Resources */ = {isa = PBXBuildFile; fileRef = 45B9A37E199CA311009901AE /* NodeItemCell.xib */; };
		45D94BD91988F10100CBD1BC /* TopicListViewController.m in Sources */ = {isa = PBXBuildFile; fileRef = 45D94BD71988F10100CBD1BC /* TopicListViewController.m */; };
		45D94BDA1988F10100CBD1BC /* TopicListViewController.xib in Resources */ = {isa = PBXBuildFile; fileRef = 45D94BD81988F10100CBD1BC /* TopicListViewController.xib */; };
		45DD08E219F9F200000AA480 /* TopicParser.m in Sources */ = {isa = PBXBuildFile; fileRef = 45DD08E119F9F200000AA480 /* TopicParser.m */; };
		45DD08E519F9F390000AA480 /* TopicMemberParser.m in Sources */ = {isa = PBXBuildFile; fileRef = 45DD08E419F9F390000AA480 /* TopicMemberParser.m */; };
		45DD08E819FA2DD4000AA480 /* ReplyParser.m in Sources */ = {isa = PBXBuildFile; fileRef = 45DD08E719FA2DD4000AA480 /* ReplyParser.m */; };
		45DD08EC19FA4A36000AA480 /* MemberViewController.m in Sources */ = {isa = PBXBuildFile; fileRef = 45DD08EA19FA4A36000AA480 /* MemberViewController.m */; };
		45DD08ED19FA4A36000AA480 /* MemberViewController.xib in Resources */ = {isa = PBXBuildFile; fileRef = 45DD08EB19FA4A36000AA480 /* MemberViewController.xib */; };
		45DD08F619FA4AA4000AA480 /* MemberTopicCell.m in Sources */ = {isa = PBXBuildFile; fileRef = 45DD08F419FA4AA4000AA480 /* MemberTopicCell.m */; };
		45DD08F719FA4AA4000AA480 /* MemberTopicCell.xib in Resources */ = {isa = PBXBuildFile; fileRef = 45DD08F519FA4AA4000AA480 /* MemberTopicCell.xib */; };
		45DD08FB19FA4AB6000AA480 /* MemberReplyCell.m in Sources */ = {isa = PBXBuildFile; fileRef = 45DD08F919FA4AB6000AA480 /* MemberReplyCell.m */; };
		45DD08FC19FA4AB6000AA480 /* MemberReplyCell.xib in Resources */ = {isa = PBXBuildFile; fileRef = 45DD08FA19FA4AB6000AA480 /* MemberReplyCell.xib */; };
		45DD08FF19FA8D1E000AA480 /* MemberParser.m in Sources */ = {isa = PBXBuildFile; fileRef = 45DD08FE19FA8D1E000AA480 /* MemberParser.m */; };
		45DD090119FC8AA9000AA480 /* logo@2x.png in Resources */ = {isa = PBXBuildFile; fileRef = 45DD090019FC8AA9000AA480 /* logo@2x.png */; };
		45DD090419FC8FEE000AA480 /* carat_open.png in Resources */ = {isa = PBXBuildFile; fileRef = 45DD090219FC8FEE000AA480 /* carat_open.png */; };
		45DD090519FC8FEE000AA480 /* carat.png in Resources */ = {isa = PBXBuildFile; fileRef = 45DD090319FC8FEE000AA480 /* carat.png */; };
		45DD090C19FD4187000AA480 /* MemberSectionHeader.xib in Resources */ = {isa = PBXBuildFile; fileRef = 45DD090B19FD4187000AA480 /* MemberSectionHeader.xib */; };
		45DD090F19FD419E000AA480 /* MemberSectionHeader.m in Sources */ = {isa = PBXBuildFile; fileRef = 45DD090E19FD419E000AA480 /* MemberSectionHeader.m */; };
		45DD091119FD42F4000AA480 /* icon_more.png in Resources */ = {isa = PBXBuildFile; fileRef = 45DD091019FD42F4000AA480 /* icon_more.png */; };
		45DD094519FE433D000AA480 /* refresh@2x.png in Resources */ = {isa = PBXBuildFile; fileRef = 45DD094419FE433D000AA480 /* refresh@2x.png */; };
		45DD094819FE855F000AA480 /* TopicView2.m in Sources */ = {isa = PBXBuildFile; fileRef = 45DD094719FE855F000AA480 /* TopicView2.m */; };
		45DD094A19FE8582000AA480 /* TopicView2.xib in Resources */ = {isa = PBXBuildFile; fileRef = 45DD094919FE8582000AA480 /* TopicView2.xib */; };
		45DD094C19FF705C000AA480 /* MemberProfileView2.xib in Resources */ = {isa = PBXBuildFile; fileRef = 45DD094B19FF705C000AA480 /* MemberProfileView2.xib */; };
		45DD094F19FF7079000AA480 /* MemberProfileView2.m in Sources */ = {isa = PBXBuildFile; fileRef = 45DD094E19FF7079000AA480 /* MemberProfileView2.m */; };
		45DD09691A0220BB000AA480 /* group_nodes.json in Resources */ = {isa = PBXBuildFile; fileRef = 45DD09671A0220BB000AA480 /* group_nodes.json */; };
		45DD096D1A023846000AA480 /* Group.m in Sources */ = {isa = PBXBuildFile; fileRef = 45DD096C1A023846000AA480 /* Group.m */; };
		45DD096F1A025A5E000AA480 /* TestViewController.xib in Resources */ = {isa = PBXBuildFile; fileRef = 45DD096E1A025A5E000AA480 /* TestViewController.xib */; };
		45DD09F71A15A8AB000AA480 /* TestView.m in Sources */ = {isa = PBXBuildFile; fileRef = 45DD09F51A15A8AB000AA480 /* TestView.m */; };
		45DD09F81A15A8AB000AA480 /* TestView.xib in Resources */ = {isa = PBXBuildFile; fileRef = 45DD09F61A15A8AB000AA480 /* TestView.xib */; };
		45E27A7B1977870500579D4E /* UIView+Frame.m in Sources */ = {isa = PBXBuildFile; fileRef = 45E27A7A1977870500579D4E /* UIView+Frame.m */; };
		45EED78919664857004FA897 /* AppClient.m in Sources */ = {isa = PBXBuildFile; fileRef = 45EED78819664857004FA897 /* AppClient.m */; };
		45EED78D19665014004FA897 /* AppData.m in Sources */ = {isa = PBXBuildFile; fileRef = 45EED78C19665014004FA897 /* AppData.m */; };
		45EED790196690DE004FA897 /* UIView+Xib.m in Sources */ = {isa = PBXBuildFile; fileRef = 45EED78F196690DE004FA897 /* UIView+Xib.m */; };
		45EED795196690E6004FA897 /* NestedNibView.m in Sources */ = {isa = PBXBuildFile; fileRef = 45EED792196690E6004FA897 /* NestedNibView.m */; };
		45EED796196690E6004FA897 /* NibWrapperView.m in Sources */ = {isa = PBXBuildFile; fileRef = 45EED794196690E6004FA897 /* NibWrapperView.m */; };
		7B664E2A6C554C37934C8EFD /* libPods.a in Frameworks */ = {isa = PBXBuildFile; fileRef = AC88AF7A66E7426C8C6BC248 /* libPods.a */; };
/* End PBXBuildFile section */

/* Begin PBXContainerItemProxy section */
		459911AB196544B50098BEB3 /* PBXContainerItemProxy */ = {
			isa = PBXContainerItemProxy;
			containerPortal = 45991183196544B50098BEB3 /* Project object */;
			proxyType = 1;
			remoteGlobalIDString = 4599118A196544B50098BEB3;
			remoteInfo = V2EX;
		};
/* End PBXContainerItemProxy section */

/* Begin PBXFileReference section */
		14182B4CD5A412DD7BECAEE2 /* Pods.release.xcconfig */ = {isa = PBXFileReference; includeInIndex = 1; lastKnownFileType = text.xcconfig; name = Pods.release.xcconfig; path = "Pods/Target Support Files/Pods/Pods.release.xcconfig"; sourceTree = "<group>"; };
		45288DB0199E55F900433A3C /* AppDelegate.h */ = {isa = PBXFileReference; fileEncoding = 4; lastKnownFileType = sourcecode.c.h; name = AppDelegate.h; path = V2EX/AppDelegate.h; sourceTree = "<group>"; };
		45288DB1199E55F900433A3C /* AppDelegate.m */ = {isa = PBXFileReference; fileEncoding = 4; lastKnownFileType = sourcecode.c.objc; name = AppDelegate.m; path = V2EX/AppDelegate.m; sourceTree = "<group>"; };
		45288DB3199E606900433A3C /* all_nodes.json */ = {isa = PBXFileReference; fileEncoding = 4; lastKnownFileType = text.json; path = all_nodes.json; sourceTree = "<group>"; };
		45288DB7199F50AF00433A3C /* icon_add@2x.png */ = {isa = PBXFileReference; lastKnownFileType = image.png; path = "icon_add@2x.png"; sourceTree = "<group>"; };
		45288DB8199F50AF00433A3C /* icon_finish@2x.png */ = {isa = PBXFileReference; lastKnownFileType = image.png; path = "icon_finish@2x.png"; sourceTree = "<group>"; };
		45288DB9199F50AF00433A3C /* icon_menu@2x.png */ = {isa = PBXFileReference; lastKnownFileType = image.png; path = "icon_menu@2x.png"; sourceTree = "<group>"; };
		45288DBD199F55B600433A3C /* icon_account@2x.png */ = {isa = PBXFileReference; lastKnownFileType = image.png; path = "icon_account@2x.png"; sourceTree = "<group>"; };
		45288DBE199F55B600433A3C /* icon_all_nodes.png */ = {isa = PBXFileReference; lastKnownFileType = image.png; path = icon_all_nodes.png; sourceTree = "<group>"; };
		45288DBF199F55B600433A3C /* icon_bookmark.png */ = {isa = PBXFileReference; lastKnownFileType = image.png; path = icon_bookmark.png; sourceTree = "<group>"; };
		45288DC0199F55B600433A3C /* icon_comment.png */ = {isa = PBXFileReference; lastKnownFileType = image.png; path = icon_comment.png; sourceTree = "<group>"; };
		45288DC1199F55B600433A3C /* icon_hot.png */ = {isa = PBXFileReference; lastKnownFileType = image.png; path = icon_hot.png; sourceTree = "<group>"; };
		45288DC2199F55B600433A3C /* icon_latest.png */ = {isa = PBXFileReference; lastKnownFileType = image.png; path = icon_latest.png; sourceTree = "<group>"; };
		45288DC3199F55B600433A3C /* icon_setting.png */ = {isa = PBXFileReference; lastKnownFileType = image.png; path = icon_setting.png; sourceTree = "<group>"; };
		45288DCB19A08D9E00433A3C /* MenuItemCell.h */ = {isa = PBXFileReference; fileEncoding = 4; lastKnownFileType = sourcecode.c.h; path = MenuItemCell.h; sourceTree = "<group>"; };
		45288DCC19A08D9E00433A3C /* MenuItemCell.m */ = {isa = PBXFileReference; fileEncoding = 4; lastKnownFileType = sourcecode.c.objc; path = MenuItemCell.m; sourceTree = "<group>"; };
		45288DCD19A08D9E00433A3C /* MenuItemCell.xib */ = {isa = PBXFileReference; fileEncoding = 4; lastKnownFileType = file.xib; path = MenuItemCell.xib; sourceTree = "<group>"; };
		45288DD019A0979500433A3C /* AccountCell.h */ = {isa = PBXFileReference; fileEncoding = 4; lastKnownFileType = sourcecode.c.h; path = AccountCell.h; sourceTree = "<group>"; };
		45288DD119A0979500433A3C /* AccountCell.m */ = {isa = PBXFileReference; fileEncoding = 4; lastKnownFileType = sourcecode.c.objc; path = AccountCell.m; sourceTree = "<group>"; };
		45288DD219A0979500433A3C /* AccountCell.xib */ = {isa = PBXFileReference; fileEncoding = 4; lastKnownFileType = file.xib; path = AccountCell.xib; sourceTree = "<group>"; };
		45288DD519A0ADD600433A3C /* CoreStore.h */ = {isa = PBXFileReference; fileEncoding = 4; lastKnownFileType = sourcecode.c.h; path = CoreStore.h; sourceTree = "<group>"; };
		45288DD619A0ADD600433A3C /* CoreStore.m */ = {isa = PBXFileReference; fileEncoding = 4; lastKnownFileType = sourcecode.c.objc; path = CoreStore.m; sourceTree = "<group>"; };
		45288DD819A0ADEC00433A3C /* CoreStore+V2EX.h */ = {isa = PBXFileReference; fileEncoding = 4; lastKnownFileType = sourcecode.c.h; path = "CoreStore+V2EX.h"; sourceTree = "<group>"; };
		45288DD919A0ADEC00433A3C /* CoreStore+V2EX.m */ = {isa = PBXFileReference; fileEncoding = 4; lastKnownFileType = sourcecode.c.objc; path = "CoreStore+V2EX.m"; sourceTree = "<group>"; };
		45288DDB19A0CD1C00433A3C /* BookmarkViewController.h */ = {isa = PBXFileReference; fileEncoding = 4; lastKnownFileType = sourcecode.c.h; path = BookmarkViewController.h; sourceTree = "<group>"; };
		45288DDC19A0CD1C00433A3C /* BookmarkViewController.m */ = {isa = PBXFileReference; fileEncoding = 4; lastKnownFileType = sourcecode.c.objc; path = BookmarkViewController.m; sourceTree = "<group>"; };
		45288DDD19A0CD1C00433A3C /* BookmarkViewController.xib */ = {isa = PBXFileReference; fileEncoding = 4; lastKnownFileType = file.xib; path = BookmarkViewController.xib; sourceTree = "<group>"; };
		45288DE019A0CD4800433A3C /* BookmarkItemCell.h */ = {isa = PBXFileReference; fileEncoding = 4; lastKnownFileType = sourcecode.c.h; path = BookmarkItemCell.h; sourceTree = "<group>"; };
		45288DE119A0CD4800433A3C /* BookmarkItemCell.m */ = {isa = PBXFileReference; fileEncoding = 4; lastKnownFileType = sourcecode.c.objc; path = BookmarkItemCell.m; sourceTree = "<group>"; };
		45288DE219A0CD4800433A3C /* BookmarkItemCell.xib */ = {isa = PBXFileReference; fileEncoding = 4; lastKnownFileType = file.xib; path = BookmarkItemCell.xib; sourceTree = "<group>"; };
		45288DE519A0FA6D00433A3C /* SettingViewController.h */ = {isa = PBXFileReference; fileEncoding = 4; lastKnownFileType = sourcecode.c.h; path = SettingViewController.h; sourceTree = "<group>"; };
		45288DE619A0FA6D00433A3C /* SettingViewController.m */ = {isa = PBXFileReference; fileEncoding = 4; lastKnownFileType = sourcecode.c.objc; path = SettingViewController.m; sourceTree = "<group>"; };
		45288DE719A0FA6D00433A3C /* SettingViewController.xib */ = {isa = PBXFileReference; fileEncoding = 4; lastKnownFileType = file.xib; path = SettingViewController.xib; sourceTree = "<group>"; };
		45288DEA19A0FB4900433A3C /* AccountViewController.h */ = {isa = PBXFileReference; fileEncoding = 4; lastKnownFileType = sourcecode.c.h; path = AccountViewController.h; sourceTree = "<group>"; };
		45288DEB19A0FB4900433A3C /* AccountViewController.m */ = {isa = PBXFileReference; fileEncoding = 4; lastKnownFileType = sourcecode.c.objc; path = AccountViewController.m; sourceTree = "<group>"; };
		45288DEC19A0FB4900433A3C /* AccountViewController.xib */ = {isa = PBXFileReference; fileEncoding = 4; lastKnownFileType = file.xib; path = AccountViewController.xib; sourceTree = "<group>"; };
		45288DEF19A0FEE800433A3C /* BaseTableViewController.h */ = {isa = PBXFileReference; fileEncoding = 4; lastKnownFileType = sourcecode.c.h; path = BaseTableViewController.h; sourceTree = "<group>"; };
		45288DF019A0FEE800433A3C /* BaseTableViewController.m */ = {isa = PBXFileReference; fileEncoding = 4; lastKnownFileType = sourcecode.c.objc; path = BaseTableViewController.m; sourceTree = "<group>"; };
		452B28F519A481BF0096E8C9 /* NSString+ShortName.h */ = {isa = PBXFileReference; fileEncoding = 4; lastKnownFileType = sourcecode.c.h; path = "NSString+ShortName.h"; sourceTree = "<group>"; };
		452B28F619A481BF0096E8C9 /* NSString+ShortName.m */ = {isa = PBXFileReference; fileEncoding = 4; lastKnownFileType = sourcecode.c.objc; path = "NSString+ShortName.m"; sourceTree = "<group>"; };
		4546F3881975199E00F9E7CC /* TopicViewController.h */ = {isa = PBXFileReference; fileEncoding = 4; lastKnownFileType = sourcecode.c.h; path = TopicViewController.h; sourceTree = "<group>"; };
		4546F3891975199E00F9E7CC /* TopicViewController.m */ = {isa = PBXFileReference; fileEncoding = 4; lastKnownFileType = sourcecode.c.objc; path = TopicViewController.m; sourceTree = "<group>"; };
		4546F38A1975199E00F9E7CC /* TopicViewController.xib */ = {isa = PBXFileReference; fileEncoding = 4; lastKnownFileType = file.xib; path = TopicViewController.xib; sourceTree = "<group>"; };
		4546F39019751D2900F9E7CC /* CommentItemCell.h */ = {isa = PBXFileReference; fileEncoding = 4; lastKnownFileType = sourcecode.c.h; path = CommentItemCell.h; sourceTree = "<group>"; };
		4546F39119751D2900F9E7CC /* CommentItemCell.m */ = {isa = PBXFileReference; fileEncoding = 4; lastKnownFileType = sourcecode.c.objc; path = CommentItemCell.m; sourceTree = "<group>"; };
		4546F39519751D4900F9E7CC /* CommentItemCell.xib */ = {isa = PBXFileReference; fileEncoding = 4; lastKnownFileType = file.xib; path = CommentItemCell.xib; sourceTree = "<group>"; };
		45493C2B19A9E07E0063669F /* NSString+Html.h */ = {isa = PBXFileReference; fileEncoding = 4; lastKnownFileType = sourcecode.c.h; path = "NSString+Html.h"; sourceTree = "<group>"; };
		45493C2C19A9E07E0063669F /* NSString+Html.m */ = {isa = PBXFileReference; fileEncoding = 4; lastKnownFileType = sourcecode.c.objc; path = "NSString+Html.m"; sourceTree = "<group>"; };
		454E04C019B2B8EA0097E828 /* TestViewController.h */ = {isa = PBXFileReference; fileEncoding = 4; lastKnownFileType = sourcecode.c.h; path = TestViewController.h; sourceTree = "<group>"; };
		454E04C119B2B8EA0097E828 /* TestViewController.m */ = {isa = PBXFileReference; fileEncoding = 4; lastKnownFileType = sourcecode.c.objc; path = TestViewController.m; sourceTree = "<group>"; };
		4556304C19985B9D004A0F19 /* UIColor+GL.h */ = {isa = PBXFileReference; fileEncoding = 4; lastKnownFileType = sourcecode.c.h; path = "UIColor+GL.h"; sourceTree = "<group>"; };
		4556304D19985B9D004A0F19 /* UIColor+GL.m */ = {isa = PBXFileReference; fileEncoding = 4; lastKnownFileType = sourcecode.c.objc; path = "UIColor+GL.m"; sourceTree = "<group>"; };
		4556304F1998635A004A0F19 /* icon_comment.png */ = {isa = PBXFileReference; lastKnownFileType = image.png; path = icon_comment.png; sourceTree = "<group>"; };
		45989AC61991EBD600873C5B /* topics.json */ = {isa = PBXFileReference; fileEncoding = 4; lastKnownFileType = text.json; path = topics.json; sourceTree = "<group>"; };
		4599118B196544B50098BEB3 /* V2EX.app */ = {isa = PBXFileReference; explicitFileType = wrapper.application; includeInIndex = 0; path = V2EX.app; sourceTree = BUILT_PRODUCTS_DIR; };
		4599118E196544B50098BEB3 /* Foundation.framework */ = {isa = PBXFileReference; lastKnownFileType = wrapper.framework; name = Foundation.framework; path = System/Library/Frameworks/Foundation.framework; sourceTree = SDKROOT; };
		45991190196544B50098BEB3 /* CoreGraphics.framework */ = {isa = PBXFileReference; lastKnownFileType = wrapper.framework; name = CoreGraphics.framework; path = System/Library/Frameworks/CoreGraphics.framework; sourceTree = SDKROOT; };
		45991192196544B50098BEB3 /* UIKit.framework */ = {isa = PBXFileReference; lastKnownFileType = wrapper.framework; name = UIKit.framework; path = System/Library/Frameworks/UIKit.framework; sourceTree = SDKROOT; };
		45991196196544B50098BEB3 /* V2EX-Info.plist */ = {isa = PBXFileReference; lastKnownFileType = text.plist.xml; path = "V2EX-Info.plist"; sourceTree = "<group>"; };
		45991198196544B50098BEB3 /* en */ = {isa = PBXFileReference; lastKnownFileType = text.plist.strings; name = en; path = en.lproj/InfoPlist.strings; sourceTree = "<group>"; };
		4599119A196544B50098BEB3 /* main.m */ = {isa = PBXFileReference; lastKnownFileType = sourcecode.c.objc; path = main.m; sourceTree = "<group>"; };
		4599119C196544B50098BEB3 /* V2EX-Prefix.pch */ = {isa = PBXFileReference; lastKnownFileType = sourcecode.c.h; path = "V2EX-Prefix.pch"; sourceTree = "<group>"; };
		459911A0196544B50098BEB3 /* Images.xcassets */ = {isa = PBXFileReference; lastKnownFileType = folder.assetcatalog; path = Images.xcassets; sourceTree = "<group>"; };
		459911A6196544B50098BEB3 /* V2EXTests.xctest */ = {isa = PBXFileReference; explicitFileType = wrapper.cfbundle; includeInIndex = 0; path = V2EXTests.xctest; sourceTree = BUILT_PRODUCTS_DIR; };
		459911A7196544B50098BEB3 /* XCTest.framework */ = {isa = PBXFileReference; lastKnownFileType = wrapper.framework; name = XCTest.framework; path = Library/Frameworks/XCTest.framework; sourceTree = DEVELOPER_DIR; };
		459911AF196544B50098BEB3 /* V2EXTests-Info.plist */ = {isa = PBXFileReference; lastKnownFileType = text.plist.xml; path = "V2EXTests-Info.plist"; sourceTree = "<group>"; };
		459911B1196544B50098BEB3 /* en */ = {isa = PBXFileReference; lastKnownFileType = text.plist.strings; name = en; path = en.lproj/InfoPlist.strings; sourceTree = "<group>"; };
		459911B3196544B50098BEB3 /* V2EXTests.m */ = {isa = PBXFileReference; lastKnownFileType = sourcecode.c.objc; path = V2EXTests.m; sourceTree = "<group>"; };
		45A845A819F8CC82007AC6AA /* Node.h */ = {isa = PBXFileReference; fileEncoding = 4; lastKnownFileType = sourcecode.c.h; path = Node.h; sourceTree = "<group>"; };
		45A845A919F8CC82007AC6AA /* Node.m */ = {isa = PBXFileReference; fileEncoding = 4; lastKnownFileType = sourcecode.c.objc; path = Node.m; sourceTree = "<group>"; };
		45A845AB19F8CC93007AC6AA /* Topic.h */ = {isa = PBXFileReference; fileEncoding = 4; lastKnownFileType = sourcecode.c.h; path = Topic.h; sourceTree = "<group>"; };
		45A845AC19F8CC93007AC6AA /* Topic.m */ = {isa = PBXFileReference; fileEncoding = 4; lastKnownFileType = sourcecode.c.objc; path = Topic.m; sourceTree = "<group>"; };
		45A845AE19F8CD03007AC6AA /* Reply.h */ = {isa = PBXFileReference; fileEncoding = 4; lastKnownFileType = sourcecode.c.h; path = Reply.h; sourceTree = "<group>"; };
		45A845AF19F8CD03007AC6AA /* Reply.m */ = {isa = PBXFileReference; fileEncoding = 4; lastKnownFileType = sourcecode.c.objc; path = Reply.m; sourceTree = "<group>"; };
		45A845B119F8CD0C007AC6AA /* Member.h */ = {isa = PBXFileReference; fileEncoding = 4; lastKnownFileType = sourcecode.c.h; path = Member.h; sourceTree = "<group>"; };
		45A845B219F8CD0C007AC6AA /* Member.m */ = {isa = PBXFileReference; fileEncoding = 4; lastKnownFileType = sourcecode.c.objc; path = Member.m; sourceTree = "<group>"; };
		45A845B419F8CD38007AC6AA /* Site.h */ = {isa = PBXFileReference; fileEncoding = 4; lastKnownFileType = sourcecode.c.h; path = Site.h; sourceTree = "<group>"; };
		45A845B519F8CD38007AC6AA /* Site.m */ = {isa = PBXFileReference; fileEncoding = 4; lastKnownFileType = sourcecode.c.objc; path = Site.m; sourceTree = "<group>"; };
		45A882041989E249008665E3 /* TopicItemCell.h */ = {isa = PBXFileReference; fileEncoding = 4; lastKnownFileType = sourcecode.c.h; path = TopicItemCell.h; sourceTree = "<group>"; };
		45A882051989E249008665E3 /* TopicItemCell.m */ = {isa = PBXFileReference; fileEncoding = 4; lastKnownFileType = sourcecode.c.objc; path = TopicItemCell.m; sourceTree = "<group>"; };
		45A882061989E249008665E3 /* TopicItemCell.xib */ = {isa = PBXFileReference; fileEncoding = 4; lastKnownFileType = file.xib; path = TopicItemCell.xib; sourceTree = "<group>"; };
		45A8820E198A27E7008665E3 /* SymbolAttributedLabel.h */ = {isa = PBXFileReference; fileEncoding = 4; lastKnownFileType = sourcecode.c.h; path = SymbolAttributedLabel.h; sourceTree = "<group>"; };
		45A8820F198A27E7008665E3 /* SymbolAttributedLabel.m */ = {isa = PBXFileReference; fileEncoding = 4; lastKnownFileType = sourcecode.c.objc; path = SymbolAttributedLabel.m; sourceTree = "<group>"; };
		45AB7880196A2E9A0036DC0F /* NSData+MD5.h */ = {isa = PBXFileReference; fileEncoding = 4; lastKnownFileType = sourcecode.c.h; path = "NSData+MD5.h"; sourceTree = "<group>"; };
		45AB7881196A2E9A0036DC0F /* NSData+MD5.m */ = {isa = PBXFileReference; fileEncoding = 4; lastKnownFileType = sourcecode.c.objc; path = "NSData+MD5.m"; sourceTree = "<group>"; };
		45AB7882196A2E9A0036DC0F /* NSDate+General.h */ = {isa = PBXFileReference; fileEncoding = 4; lastKnownFileType = sourcecode.c.h; path = "NSDate+General.h"; sourceTree = "<group>"; };
		45AB7883196A2E9A0036DC0F /* NSDate+General.m */ = {isa = PBXFileReference; fileEncoding = 4; lastKnownFileType = sourcecode.c.objc; path = "NSDate+General.m"; sourceTree = "<group>"; };
		45AB7886196A2F1B0036DC0F /* MenuViewController.h */ = {isa = PBXFileReference; fileEncoding = 4; lastKnownFileType = sourcecode.c.h; path = MenuViewController.h; sourceTree = "<group>"; };
		45AB7887196A2F1B0036DC0F /* MenuViewController.m */ = {isa = PBXFileReference; fileEncoding = 4; lastKnownFileType = sourcecode.c.objc; path = MenuViewController.m; sourceTree = "<group>"; };
		45AB7888196A2F1B0036DC0F /* MenuViewController.xib */ = {isa = PBXFileReference; fileEncoding = 4; lastKnownFileType = file.xib; path = MenuViewController.xib; sourceTree = "<group>"; };
		45AB7899196D43AA0036DC0F /* UIImage+Color.h */ = {isa = PBXFileReference; fileEncoding = 4; lastKnownFileType = sourcecode.c.h; path = "UIImage+Color.h"; sourceTree = "<group>"; };
		45AB789A196D43AA0036DC0F /* UIImage+Color.m */ = {isa = PBXFileReference; fileEncoding = 4; lastKnownFileType = sourcecode.c.objc; path = "UIImage+Color.m"; sourceTree = "<group>"; };
		45AF1BC11990B1E4004A229F /* weibo_topics.json */ = {isa = PBXFileReference; fileEncoding = 4; lastKnownFileType = text.json; path = weibo_topics.json; sourceTree = "<group>"; };
		45B9A377199C9FCC009901AE /* AllNodesViewController.h */ = {isa = PBXFileReference; fileEncoding = 4; lastKnownFileType = sourcecode.c.h; path = AllNodesViewController.h; sourceTree = "<group>"; };
		45B9A378199C9FCC009901AE /* AllNodesViewController.m */ = {isa = PBXFileReference; fileEncoding = 4; lastKnownFileType = sourcecode.c.objc; path = AllNodesViewController.m; sourceTree = "<group>"; };
		45B9A379199C9FCC009901AE /* AllNodesViewController.xib */ = {isa = PBXFileReference; fileEncoding = 4; lastKnownFileType = file.xib; path = AllNodesViewController.xib; sourceTree = "<group>"; };
		45B9A37C199CA311009901AE /* NodeItemCell.h */ = {isa = PBXFileReference; fileEncoding = 4; lastKnownFileType = sourcecode.c.h; path = NodeItemCell.h; sourceTree = "<group>"; };
		45B9A37D199CA311009901AE /* NodeItemCell.m */ = {isa = PBXFileReference; fileEncoding = 4; lastKnownFileType = sourcecode.c.objc; path = NodeItemCell.m; sourceTree = "<group>"; };
		45B9A37E199CA311009901AE /* NodeItemCell.xib */ = {isa = PBXFileReference; fileEncoding = 4; lastKnownFileType = file.xib; path = NodeItemCell.xib; sourceTree = "<group>"; };
		45D94BD61988F10100CBD1BC /* TopicListViewController.h */ = {isa = PBXFileReference; fileEncoding = 4; lastKnownFileType = sourcecode.c.h; path = TopicListViewController.h; sourceTree = "<group>"; };
		45D94BD71988F10100CBD1BC /* TopicListViewController.m */ = {isa = PBXFileReference; fileEncoding = 4; lastKnownFileType = sourcecode.c.objc; path = TopicListViewController.m; sourceTree = "<group>"; };
		45D94BD81988F10100CBD1BC /* TopicListViewController.xib */ = {isa = PBXFileReference; fileEncoding = 4; lastKnownFileType = file.xib; path = TopicListViewController.xib; sourceTree = "<group>"; };
		45DD08E019F9F200000AA480 /* TopicParser.h */ = {isa = PBXFileReference; fileEncoding = 4; lastKnownFileType = sourcecode.c.h; path = TopicParser.h; sourceTree = "<group>"; };
		45DD08E119F9F200000AA480 /* TopicParser.m */ = {isa = PBXFileReference; fileEncoding = 4; lastKnownFileType = sourcecode.c.objc; path = TopicParser.m; sourceTree = "<group>"; };
		45DD08E319F9F390000AA480 /* TopicMemberParser.h */ = {isa = PBXFileReference; fileEncoding = 4; lastKnownFileType = sourcecode.c.h; path = TopicMemberParser.h; sourceTree = "<group>"; };
		45DD08E419F9F390000AA480 /* TopicMemberParser.m */ = {isa = PBXFileReference; fileEncoding = 4; lastKnownFileType = sourcecode.c.objc; path = TopicMemberParser.m; sourceTree = "<group>"; };
		45DD08E619FA2DD4000AA480 /* ReplyParser.h */ = {isa = PBXFileReference; fileEncoding = 4; lastKnownFileType = sourcecode.c.h; path = ReplyParser.h; sourceTree = "<group>"; };
		45DD08E719FA2DD4000AA480 /* ReplyParser.m */ = {isa = PBXFileReference; fileEncoding = 4; lastKnownFileType = sourcecode.c.objc; path = ReplyParser.m; sourceTree = "<group>"; };
		45DD08E919FA4A36000AA480 /* MemberViewController.h */ = {isa = PBXFileReference; fileEncoding = 4; lastKnownFileType = sourcecode.c.h; path = MemberViewController.h; sourceTree = "<group>"; };
		45DD08EA19FA4A36000AA480 /* MemberViewController.m */ = {isa = PBXFileReference; fileEncoding = 4; lastKnownFileType = sourcecode.c.objc; path = MemberViewController.m; sourceTree = "<group>"; };
		45DD08EB19FA4A36000AA480 /* MemberViewController.xib */ = {isa = PBXFileReference; fileEncoding = 4; lastKnownFileType = file.xib; path = MemberViewController.xib; sourceTree = "<group>"; };
		45DD08F319FA4AA4000AA480 /* MemberTopicCell.h */ = {isa = PBXFileReference; fileEncoding = 4; lastKnownFileType = sourcecode.c.h; path = MemberTopicCell.h; sourceTree = "<group>"; };
		45DD08F419FA4AA4000AA480 /* MemberTopicCell.m */ = {isa = PBXFileReference; fileEncoding = 4; lastKnownFileType = sourcecode.c.objc; path = MemberTopicCell.m; sourceTree = "<group>"; };
		45DD08F519FA4AA4000AA480 /* MemberTopicCell.xib */ = {isa = PBXFileReference; fileEncoding = 4; lastKnownFileType = file.xib; path = MemberTopicCell.xib; sourceTree = "<group>"; };
		45DD08F819FA4AB6000AA480 /* MemberReplyCell.h */ = {isa = PBXFileReference; fileEncoding = 4; lastKnownFileType = sourcecode.c.h; path = MemberReplyCell.h; sourceTree = "<group>"; };
		45DD08F919FA4AB6000AA480 /* MemberReplyCell.m */ = {isa = PBXFileReference; fileEncoding = 4; lastKnownFileType = sourcecode.c.objc; path = MemberReplyCell.m; sourceTree = "<group>"; };
		45DD08FA19FA4AB6000AA480 /* MemberReplyCell.xib */ = {isa = PBXFileReference; fileEncoding = 4; lastKnownFileType = file.xib; path = MemberReplyCell.xib; sourceTree = "<group>"; };
		45DD08FD19FA8D1E000AA480 /* MemberParser.h */ = {isa = PBXFileReference; fileEncoding = 4; lastKnownFileType = sourcecode.c.h; path = MemberParser.h; sourceTree = "<group>"; };
		45DD08FE19FA8D1E000AA480 /* MemberParser.m */ = {isa = PBXFileReference; fileEncoding = 4; lastKnownFileType = sourcecode.c.objc; path = MemberParser.m; sourceTree = "<group>"; };
		45DD090019FC8AA9000AA480 /* logo@2x.png */ = {isa = PBXFileReference; lastKnownFileType = image.png; path = "logo@2x.png"; sourceTree = "<group>"; };
		45DD090219FC8FEE000AA480 /* carat_open.png */ = {isa = PBXFileReference; lastKnownFileType = image.png; path = carat_open.png; sourceTree = "<group>"; };
		45DD090319FC8FEE000AA480 /* carat.png */ = {isa = PBXFileReference; lastKnownFileType = image.png; path = carat.png; sourceTree = "<group>"; };
		45DD090B19FD4187000AA480 /* MemberSectionHeader.xib */ = {isa = PBXFileReference; fileEncoding = 4; lastKnownFileType = file.xib; path = MemberSectionHeader.xib; sourceTree = "<group>"; };
		45DD090D19FD419E000AA480 /* MemberSectionHeader.h */ = {isa = PBXFileReference; fileEncoding = 4; lastKnownFileType = sourcecode.c.h; path = MemberSectionHeader.h; sourceTree = "<group>"; };
		45DD090E19FD419E000AA480 /* MemberSectionHeader.m */ = {isa = PBXFileReference; fileEncoding = 4; lastKnownFileType = sourcecode.c.objc; path = MemberSectionHeader.m; sourceTree = "<group>"; };
		45DD091019FD42F4000AA480 /* icon_more.png */ = {isa = PBXFileReference; lastKnownFileType = image.png; path = icon_more.png; sourceTree = "<group>"; };
		45DD094419FE433D000AA480 /* refresh@2x.png */ = {isa = PBXFileReference; lastKnownFileType = image.png; path = "refresh@2x.png"; sourceTree = "<group>"; };
		45DD094619FE855F000AA480 /* TopicView2.h */ = {isa = PBXFileReference; fileEncoding = 4; lastKnownFileType = sourcecode.c.h; path = TopicView2.h; sourceTree = "<group>"; };
		45DD094719FE855F000AA480 /* TopicView2.m */ = {isa = PBXFileReference; fileEncoding = 4; lastKnownFileType = sourcecode.c.objc; path = TopicView2.m; sourceTree = "<group>"; };
		45DD094919FE8582000AA480 /* TopicView2.xib */ = {isa = PBXFileReference; fileEncoding = 4; lastKnownFileType = file.xib; path = TopicView2.xib; sourceTree = "<group>"; };
		45DD094B19FF705C000AA480 /* MemberProfileView2.xib */ = {isa = PBXFileReference; fileEncoding = 4; lastKnownFileType = file.xib; path = MemberProfileView2.xib; sourceTree = "<group>"; };
		45DD094D19FF7079000AA480 /* MemberProfileView2.h */ = {isa = PBXFileReference; fileEncoding = 4; lastKnownFileType = sourcecode.c.h; path = MemberProfileView2.h; sourceTree = "<group>"; };
		45DD094E19FF7079000AA480 /* MemberProfileView2.m */ = {isa = PBXFileReference; fileEncoding = 4; lastKnownFileType = sourcecode.c.objc; path = MemberProfileView2.m; sourceTree = "<group>"; };
		45DD09671A0220BB000AA480 /* group_nodes.json */ = {isa = PBXFileReference; fileEncoding = 4; lastKnownFileType = text.json; path = group_nodes.json; sourceTree = "<group>"; };
		45DD096B1A023846000AA480 /* Group.h */ = {isa = PBXFileReference; fileEncoding = 4; lastKnownFileType = sourcecode.c.h; path = Group.h; sourceTree = "<group>"; };
		45DD096C1A023846000AA480 /* Group.m */ = {isa = PBXFileReference; fileEncoding = 4; lastKnownFileType = sourcecode.c.objc; path = Group.m; sourceTree = "<group>"; };
		45DD096E1A025A5E000AA480 /* TestViewController.xib */ = {isa = PBXFileReference; fileEncoding = 4; lastKnownFileType = file.xib; path = TestViewController.xib; sourceTree = "<group>"; };
		45DD09F41A15A8AB000AA480 /* TestView.h */ = {isa = PBXFileReference; fileEncoding = 4; lastKnownFileType = sourcecode.c.h; path = TestView.h; sourceTree = "<group>"; };
		45DD09F51A15A8AB000AA480 /* TestView.m */ = {isa = PBXFileReference; fileEncoding = 4; lastKnownFileType = sourcecode.c.objc; path = TestView.m; sourceTree = "<group>"; };
		45DD09F61A15A8AB000AA480 /* TestView.xib */ = {isa = PBXFileReference; fileEncoding = 4; lastKnownFileType = file.xib; path = TestView.xib; sourceTree = "<group>"; };
		45E27A791977870500579D4E /* UIView+Frame.h */ = {isa = PBXFileReference; fileEncoding = 4; lastKnownFileType = sourcecode.c.h; path = "UIView+Frame.h"; sourceTree = "<group>"; };
		45E27A7A1977870500579D4E /* UIView+Frame.m */ = {isa = PBXFileReference; fileEncoding = 4; lastKnownFileType = sourcecode.c.objc; path = "UIView+Frame.m"; sourceTree = "<group>"; };
		45EED78719664857004FA897 /* AppClient.h */ = {isa = PBXFileReference; fileEncoding = 4; lastKnownFileType = sourcecode.c.h; path = AppClient.h; sourceTree = "<group>"; };
		45EED78819664857004FA897 /* AppClient.m */ = {isa = PBXFileReference; fileEncoding = 4; lastKnownFileType = sourcecode.c.objc; path = AppClient.m; sourceTree = "<group>"; };
		45EED78A1966487C004FA897 /* Constants.h */ = {isa = PBXFileReference; lastKnownFileType = sourcecode.c.h; path = Constants.h; sourceTree = "<group>"; };
		45EED78B19665014004FA897 /* AppData.h */ = {isa = PBXFileReference; fileEncoding = 4; lastKnownFileType = sourcecode.c.h; path = AppData.h; sourceTree = "<group>"; };
		45EED78C19665014004FA897 /* AppData.m */ = {isa = PBXFileReference; fileEncoding = 4; lastKnownFileType = sourcecode.c.objc; path = AppData.m; sourceTree = "<group>"; };
		45EED78E196690DE004FA897 /* UIView+Xib.h */ = {isa = PBXFileReference; fileEncoding = 4; lastKnownFileType = sourcecode.c.h; path = "UIView+Xib.h"; sourceTree = "<group>"; };
		45EED78F196690DE004FA897 /* UIView+Xib.m */ = {isa = PBXFileReference; fileEncoding = 4; lastKnownFileType = sourcecode.c.objc; path = "UIView+Xib.m"; sourceTree = "<group>"; };
		45EED791196690E6004FA897 /* NestedNibView.h */ = {isa = PBXFileReference; fileEncoding = 4; lastKnownFileType = sourcecode.c.h; path = NestedNibView.h; sourceTree = "<group>"; };
		45EED792196690E6004FA897 /* NestedNibView.m */ = {isa = PBXFileReference; fileEncoding = 4; lastKnownFileType = sourcecode.c.objc; path = NestedNibView.m; sourceTree = "<group>"; };
		45EED793196690E6004FA897 /* NibWrapperView.h */ = {isa = PBXFileReference; fileEncoding = 4; lastKnownFileType = sourcecode.c.h; path = NibWrapperView.h; sourceTree = "<group>"; };
		45EED794196690E6004FA897 /* NibWrapperView.m */ = {isa = PBXFileReference; fileEncoding = 4; lastKnownFileType = sourcecode.c.objc; path = NibWrapperView.m; sourceTree = "<group>"; };
		8F6A4C1A9C6B3E3A25C0D291 /* Pods.debug.xcconfig */ = {isa = PBXFileReference; includeInIndex = 1; lastKnownFileType = text.xcconfig; name = Pods.debug.xcconfig; path = "Pods/Target Support Files/Pods/Pods.debug.xcconfig"; sourceTree = "<group>"; };
		AC88AF7A66E7426C8C6BC248 /* libPods.a */ = {isa = PBXFileReference; explicitFileType = archive.ar; includeInIndex = 0; path = libPods.a; sourceTree = BUILT_PRODUCTS_DIR; };
/* End PBXFileReference section */

/* Begin PBXFrameworksBuildPhase section */
		45991188196544B50098BEB3 /* Frameworks */ = {
			isa = PBXFrameworksBuildPhase;
			buildActionMask = 2147483647;
			files = (
				45991191196544B50098BEB3 /* CoreGraphics.framework in Frameworks */,
				45991193196544B50098BEB3 /* UIKit.framework in Frameworks */,
				4599118F196544B50098BEB3 /* Foundation.framework in Frameworks */,
				7B664E2A6C554C37934C8EFD /* libPods.a in Frameworks */,
			);
			runOnlyForDeploymentPostprocessing = 0;
		};
		459911A3196544B50098BEB3 /* Frameworks */ = {
			isa = PBXFrameworksBuildPhase;
			buildActionMask = 2147483647;
			files = (
				459911A8196544B50098BEB3 /* XCTest.framework in Frameworks */,
				459911AA196544B50098BEB3 /* UIKit.framework in Frameworks */,
				459911A9196544B50098BEB3 /* Foundation.framework in Frameworks */,
			);
			runOnlyForDeploymentPostprocessing = 0;
		};
/* End PBXFrameworksBuildPhase section */

/* Begin PBXGroup section */
		45288DAF199E55DB00433A3C /* App */ = {
			isa = PBXGroup;
			children = (
				45288DB0199E55F900433A3C /* AppDelegate.h */,
				45288DB1199E55F900433A3C /* AppDelegate.m */,
			);
			name = App;
			sourceTree = "<group>";
		};
		45991182196544B50098BEB3 = {
			isa = PBXGroup;
			children = (
				45DD08DE19F9F199000AA480 /* Helper */,
				45288DAF199E55DB00433A3C /* App */,
				45AB788B196D3ED00036DC0F /* Rerouce */,
				45EED782196644CD004FA897 /* Controller */,
				45EED786196644CD004FA897 /* View */,
				45EED780196644CD004FA897 /* Category */,
				45EED781196644CD004FA897 /* Common */,
				45EED783196644CD004FA897 /* Extention */,
				45EED784196644CD004FA897 /* Model */,
				45EED785196644CD004FA897 /* Network */,
				45991194196544B50098BEB3 /* V2EX */,
				459911AD196544B50098BEB3 /* V2EXTests */,
				4599118D196544B50098BEB3 /* Frameworks */,
				4599118C196544B50098BEB3 /* Products */,
				A3B9F34C54E0E7F37E38B521 /* Pods */,
			);
			sourceTree = "<group>";
		};
		4599118C196544B50098BEB3 /* Products */ = {
			isa = PBXGroup;
			children = (
				4599118B196544B50098BEB3 /* V2EX.app */,
				459911A6196544B50098BEB3 /* V2EXTests.xctest */,
			);
			name = Products;
			sourceTree = "<group>";
		};
		4599118D196544B50098BEB3 /* Frameworks */ = {
			isa = PBXGroup;
			children = (
				4599118E196544B50098BEB3 /* Foundation.framework */,
				45991190196544B50098BEB3 /* CoreGraphics.framework */,
				45991192196544B50098BEB3 /* UIKit.framework */,
				459911A7196544B50098BEB3 /* XCTest.framework */,
				AC88AF7A66E7426C8C6BC248 /* libPods.a */,
			);
			name = Frameworks;
			sourceTree = "<group>";
		};
		45991194196544B50098BEB3 /* V2EX */ = {
			isa = PBXGroup;
			children = (
				459911A0196544B50098BEB3 /* Images.xcassets */,
				45991195196544B50098BEB3 /* Supporting Files */,
			);
			path = V2EX;
			sourceTree = "<group>";
		};
		45991195196544B50098BEB3 /* Supporting Files */ = {
			isa = PBXGroup;
			children = (
				45991196196544B50098BEB3 /* V2EX-Info.plist */,
				45991197196544B50098BEB3 /* InfoPlist.strings */,
				4599119A196544B50098BEB3 /* main.m */,
				4599119C196544B50098BEB3 /* V2EX-Prefix.pch */,
			);
			name = "Supporting Files";
			sourceTree = "<group>";
		};
		459911AD196544B50098BEB3 /* V2EXTests */ = {
			isa = PBXGroup;
			children = (
				459911B3196544B50098BEB3 /* V2EXTests.m */,
				459911AE196544B50098BEB3 /* Supporting Files */,
			);
			path = V2EXTests;
			sourceTree = "<group>";
		};
		459911AE196544B50098BEB3 /* Supporting Files */ = {
			isa = PBXGroup;
			children = (
				459911AF196544B50098BEB3 /* V2EXTests-Info.plist */,
				459911B0196544B50098BEB3 /* InfoPlist.strings */,
			);
			name = "Supporting Files";
			sourceTree = "<group>";
		};
		45AB788B196D3ED00036DC0F /* Rerouce */ = {
			isa = PBXGroup;
			children = (
				45AF1BC01990B18D004A229F /* Text */,
				45AB788C196D3ED00036DC0F /* Image */,
			);
			path = Rerouce;
			sourceTree = "<group>";
		};
		45AB788C196D3ED00036DC0F /* Image */ = {
			isa = PBXGroup;
			children = (
				45DD094419FE433D000AA480 /* refresh@2x.png */,
				45DD091019FD42F4000AA480 /* icon_more.png */,
				45DD090219FC8FEE000AA480 /* carat_open.png */,
				45DD090319FC8FEE000AA480 /* carat.png */,
				45DD090019FC8AA9000AA480 /* logo@2x.png */,
				45288DBD199F55B600433A3C /* icon_account@2x.png */,
				45288DBE199F55B600433A3C /* icon_all_nodes.png */,
				45288DBF199F55B600433A3C /* icon_bookmark.png */,
				45288DC0199F55B600433A3C /* icon_comment.png */,
				45288DC1199F55B600433A3C /* icon_hot.png */,
				45288DC2199F55B600433A3C /* icon_latest.png */,
				45288DC3199F55B600433A3C /* icon_setting.png */,
				45288DB7199F50AF00433A3C /* icon_add@2x.png */,
				45288DB8199F50AF00433A3C /* icon_finish@2x.png */,
				45288DB9199F50AF00433A3C /* icon_menu@2x.png */,
				4556304F1998635A004A0F19 /* icon_comment.png */,
			);
			path = Image;
			sourceTree = "<group>";
		};
		45AF1BC01990B18D004A229F /* Text */ = {
			isa = PBXGroup;
			children = (
				45AF1BC11990B1E4004A229F /* weibo_topics.json */,
				45989AC61991EBD600873C5B /* topics.json */,
				45288DB3199E606900433A3C /* all_nodes.json */,
				45DD09671A0220BB000AA480 /* group_nodes.json */,
			);
			path = Text;
			sourceTree = "<group>";
		};
		45DD08DE19F9F199000AA480 /* Helper */ = {
			isa = PBXGroup;
			children = (
			);
			path = Helper;
			sourceTree = "<group>";
		};
		45DD08DF19F9F1C0000AA480 /* Parser */ = {
			isa = PBXGroup;
			children = (
				45DD08E019F9F200000AA480 /* TopicParser.h */,
				45DD08E119F9F200000AA480 /* TopicParser.m */,
				45DD08E319F9F390000AA480 /* TopicMemberParser.h */,
				45DD08E419F9F390000AA480 /* TopicMemberParser.m */,
				45DD08E619FA2DD4000AA480 /* ReplyParser.h */,
				45DD08E719FA2DD4000AA480 /* ReplyParser.m */,
				45DD08FD19FA8D1E000AA480 /* MemberParser.h */,
				45DD08FE19FA8D1E000AA480 /* MemberParser.m */,
			);
			name = Parser;
			sourceTree = "<group>";
		};
		45EED780196644CD004FA897 /* Category */ = {
			isa = PBXGroup;
			children = (
				45EED78E196690DE004FA897 /* UIView+Xib.h */,
				45EED78F196690DE004FA897 /* UIView+Xib.m */,
				45AB7880196A2E9A0036DC0F /* NSData+MD5.h */,
				45AB7881196A2E9A0036DC0F /* NSData+MD5.m */,
				45AB7882196A2E9A0036DC0F /* NSDate+General.h */,
				45AB7883196A2E9A0036DC0F /* NSDate+General.m */,
				45AB7899196D43AA0036DC0F /* UIImage+Color.h */,
				45AB789A196D43AA0036DC0F /* UIImage+Color.m */,
				45E27A791977870500579D4E /* UIView+Frame.h */,
				45E27A7A1977870500579D4E /* UIView+Frame.m */,
				4556304C19985B9D004A0F19 /* UIColor+GL.h */,
				4556304D19985B9D004A0F19 /* UIColor+GL.m */,
				45288DD819A0ADEC00433A3C /* CoreStore+V2EX.h */,
				45288DD919A0ADEC00433A3C /* CoreStore+V2EX.m */,
				452B28F519A481BF0096E8C9 /* NSString+ShortName.h */,
				452B28F619A481BF0096E8C9 /* NSString+ShortName.m */,
				45493C2B19A9E07E0063669F /* NSString+Html.h */,
				45493C2C19A9E07E0063669F /* NSString+Html.m */,
			);
			path = Category;
			sourceTree = "<group>";
		};
		45EED781196644CD004FA897 /* Common */ = {
			isa = PBXGroup;
			children = (
				45288DD519A0ADD600433A3C /* CoreStore.h */,
				45288DD619A0ADD600433A3C /* CoreStore.m */,
				45EED791196690E6004FA897 /* NestedNibView.h */,
				45EED792196690E6004FA897 /* NestedNibView.m */,
				45EED793196690E6004FA897 /* NibWrapperView.h */,
				45EED794196690E6004FA897 /* NibWrapperView.m */,
				45A8820E198A27E7008665E3 /* SymbolAttributedLabel.h */,
				45A8820F198A27E7008665E3 /* SymbolAttributedLabel.m */,
			);
			path = Common;
			sourceTree = "<group>";
		};
		45EED782196644CD004FA897 /* Controller */ = {
			isa = PBXGroup;
			children = (
				45DD096E1A025A5E000AA480 /* TestViewController.xib */,
				454E04C019B2B8EA0097E828 /* TestViewController.h */,
				454E04C119B2B8EA0097E828 /* TestViewController.m */,
				45AB7886196A2F1B0036DC0F /* MenuViewController.h */,
				45AB7887196A2F1B0036DC0F /* MenuViewController.m */,
				45AB7888196A2F1B0036DC0F /* MenuViewController.xib */,
				4546F3881975199E00F9E7CC /* TopicViewController.h */,
				4546F3891975199E00F9E7CC /* TopicViewController.m */,
				4546F38A1975199E00F9E7CC /* TopicViewController.xib */,
				45D94BD61988F10100CBD1BC /* TopicListViewController.h */,
				45D94BD71988F10100CBD1BC /* TopicListViewController.m */,
				45D94BD81988F10100CBD1BC /* TopicListViewController.xib */,
				45B9A377199C9FCC009901AE /* AllNodesViewController.h */,
				45B9A378199C9FCC009901AE /* AllNodesViewController.m */,
				45B9A379199C9FCC009901AE /* AllNodesViewController.xib */,
				45288DDB19A0CD1C00433A3C /* BookmarkViewController.h */,
				45288DDC19A0CD1C00433A3C /* BookmarkViewController.m */,
				45288DDD19A0CD1C00433A3C /* BookmarkViewController.xib */,
				45288DE519A0FA6D00433A3C /* SettingViewController.h */,
				45288DE619A0FA6D00433A3C /* SettingViewController.m */,
				45288DE719A0FA6D00433A3C /* SettingViewController.xib */,
				45288DEA19A0FB4900433A3C /* AccountViewController.h */,
				45288DEB19A0FB4900433A3C /* AccountViewController.m */,
				45288DEC19A0FB4900433A3C /* AccountViewController.xib */,
				45288DEF19A0FEE800433A3C /* BaseTableViewController.h */,
				45288DF019A0FEE800433A3C /* BaseTableViewController.m */,
				45DD08E919FA4A36000AA480 /* MemberViewController.h */,
				45DD08EA19FA4A36000AA480 /* MemberViewController.m */,
				45DD08EB19FA4A36000AA480 /* MemberViewController.xib */,
			);
			path = Controller;
			sourceTree = "<group>";
		};
		45EED783196644CD004FA897 /* Extention */ = {
			isa = PBXGroup;
			children = (
			);
			path = Extention;
			sourceTree = "<group>";
		};
		45EED784196644CD004FA897 /* Model */ = {
			isa = PBXGroup;
			children = (
				45DD08DF19F9F1C0000AA480 /* Parser */,
				45A845A819F8CC82007AC6AA /* Node.h */,
				45A845A919F8CC82007AC6AA /* Node.m */,
				45A845AB19F8CC93007AC6AA /* Topic.h */,
				45A845AC19F8CC93007AC6AA /* Topic.m */,
				45A845AE19F8CD03007AC6AA /* Reply.h */,
				45A845AF19F8CD03007AC6AA /* Reply.m */,
				45A845B119F8CD0C007AC6AA /* Member.h */,
				45A845B219F8CD0C007AC6AA /* Member.m */,
				45A845B419F8CD38007AC6AA /* Site.h */,
				45A845B519F8CD38007AC6AA /* Site.m */,
				45DD096B1A023846000AA480 /* Group.h */,
				45DD096C1A023846000AA480 /* Group.m */,
			);
			path = Model;
			sourceTree = "<group>";
		};
		45EED785196644CD004FA897 /* Network */ = {
			isa = PBXGroup;
			children = (
				45EED78719664857004FA897 /* AppClient.h */,
				45EED78819664857004FA897 /* AppClient.m */,
				45EED78A1966487C004FA897 /* Constants.h */,
				45EED78B19665014004FA897 /* AppData.h */,
				45EED78C19665014004FA897 /* AppData.m */,
			);
			path = Network;
			sourceTree = "<group>";
		};
		45EED786196644CD004FA897 /* View */ = {
			isa = PBXGroup;
			children = (
				45DD09F41A15A8AB000AA480 /* TestView.h */,
				45DD09F51A15A8AB000AA480 /* TestView.m */,
				45DD09F61A15A8AB000AA480 /* TestView.xib */,
				45288DCB19A08D9E00433A3C /* MenuItemCell.h */,
				45288DCC19A08D9E00433A3C /* MenuItemCell.m */,
				45288DCD19A08D9E00433A3C /* MenuItemCell.xib */,
				45DD094619FE855F000AA480 /* TopicView2.h */,
				45DD094719FE855F000AA480 /* TopicView2.m */,
				45DD094919FE8582000AA480 /* TopicView2.xib */,
				4546F39019751D2900F9E7CC /* CommentItemCell.h */,
				4546F39119751D2900F9E7CC /* CommentItemCell.m */,
				4546F39519751D4900F9E7CC /* CommentItemCell.xib */,
				45A882041989E249008665E3 /* TopicItemCell.h */,
				45A882051989E249008665E3 /* TopicItemCell.m */,
				45A882061989E249008665E3 /* TopicItemCell.xib */,
				45B9A37C199CA311009901AE /* NodeItemCell.h */,
				45B9A37D199CA311009901AE /* NodeItemCell.m */,
				45B9A37E199CA311009901AE /* NodeItemCell.xib */,
				45288DD019A0979500433A3C /* AccountCell.h */,
				45288DD119A0979500433A3C /* AccountCell.m */,
				45288DD219A0979500433A3C /* AccountCell.xib */,
				45288DE019A0CD4800433A3C /* BookmarkItemCell.h */,
				45288DE119A0CD4800433A3C /* BookmarkItemCell.m */,
				45288DE219A0CD4800433A3C /* BookmarkItemCell.xib */,
				45DD094D19FF7079000AA480 /* MemberProfileView2.h */,
				45DD094E19FF7079000AA480 /* MemberProfileView2.m */,
				45DD094B19FF705C000AA480 /* MemberProfileView2.xib */,
				45DD08F319FA4AA4000AA480 /* MemberTopicCell.h */,
				45DD08F419FA4AA4000AA480 /* MemberTopicCell.m */,
				45DD08F519FA4AA4000AA480 /* MemberTopicCell.xib */,
				45DD08F819FA4AB6000AA480 /* MemberReplyCell.h */,
				45DD08F919FA4AB6000AA480 /* MemberReplyCell.m */,
				45DD08FA19FA4AB6000AA480 /* MemberReplyCell.xib */,
				45DD090D19FD419E000AA480 /* MemberSectionHeader.h */,
				45DD090E19FD419E000AA480 /* MemberSectionHeader.m */,
				45DD090B19FD4187000AA480 /* MemberSectionHeader.xib */,
			);
			path = View;
			sourceTree = "<group>";
		};
		A3B9F34C54E0E7F37E38B521 /* Pods */ = {
			isa = PBXGroup;
			children = (
				8F6A4C1A9C6B3E3A25C0D291 /* Pods.debug.xcconfig */,
				14182B4CD5A412DD7BECAEE2 /* Pods.release.xcconfig */,
			);
			name = Pods;
			sourceTree = "<group>";
		};
/* End PBXGroup section */

/* Begin PBXNativeTarget section */
		4599118A196544B50098BEB3 /* V2EX */ = {
			isa = PBXNativeTarget;
			buildConfigurationList = 459911B7196544B50098BEB3 /* Build configuration list for PBXNativeTarget "V2EX" */;
			buildPhases = (
				2D1742775952471083FF030C /* Check Pods Manifest.lock */,
				45991187196544B50098BEB3 /* Sources */,
				45991188196544B50098BEB3 /* Frameworks */,
				45991189196544B50098BEB3 /* Resources */,
				A3E4F8E20C244870A8501D7B /* Copy Pods Resources */,
			);
			buildRules = (
			);
			dependencies = (
			);
			name = V2EX;
			productName = V2EX;
			productReference = 4599118B196544B50098BEB3 /* V2EX.app */;
			productType = "com.apple.product-type.application";
		};
		459911A5196544B50098BEB3 /* V2EXTests */ = {
			isa = PBXNativeTarget;
			buildConfigurationList = 459911BA196544B50098BEB3 /* Build configuration list for PBXNativeTarget "V2EXTests" */;
			buildPhases = (
				459911A2196544B50098BEB3 /* Sources */,
				459911A3196544B50098BEB3 /* Frameworks */,
				459911A4196544B50098BEB3 /* Resources */,
			);
			buildRules = (
			);
			dependencies = (
				459911AC196544B50098BEB3 /* PBXTargetDependency */,
			);
			name = V2EXTests;
			productName = V2EXTests;
			productReference = 459911A6196544B50098BEB3 /* V2EXTests.xctest */;
			productType = "com.apple.product-type.bundle.unit-test";
		};
/* End PBXNativeTarget section */

/* Begin PBXProject section */
		45991183196544B50098BEB3 /* Project object */ = {
			isa = PBXProject;
			attributes = {
				LastUpgradeCheck = 0510;
				ORGANIZATIONNAME = group4app;
				TargetAttributes = {
					4599118A196544B50098BEB3 = {
						DevelopmentTeam = Z2QBNPS4J2;
					};
					459911A5196544B50098BEB3 = {
						TestTargetID = 4599118A196544B50098BEB3;
					};
				};
			};
			buildConfigurationList = 45991186196544B50098BEB3 /* Build configuration list for PBXProject "V2EX" */;
			compatibilityVersion = "Xcode 3.2";
			developmentRegion = English;
			hasScannedForEncodings = 0;
			knownRegions = (
				en,
			);
			mainGroup = 45991182196544B50098BEB3;
			productRefGroup = 4599118C196544B50098BEB3 /* Products */;
			projectDirPath = "";
			projectRoot = "";
			targets = (
				4599118A196544B50098BEB3 /* V2EX */,
				459911A5196544B50098BEB3 /* V2EXTests */,
			);
		};
/* End PBXProject section */

/* Begin PBXResourcesBuildPhase section */
		45991189196544B50098BEB3 /* Resources */ = {
			isa = PBXResourcesBuildPhase;
			buildActionMask = 2147483647;
			files = (
				45DD08ED19FA4A36000AA480 /* MemberViewController.xib in Resources */,
				45288DC8199F55B600433A3C /* icon_hot.png in Resources */,
				45288DE919A0FA6D00433A3C /* SettingViewController.xib in Resources */,
				45A882081989E249008665E3 /* TopicItemCell.xib in Resources */,
				45991199196544B50098BEB3 /* InfoPlist.strings in Resources */,
				45288DC6199F55B600433A3C /* icon_bookmark.png in Resources */,
				45288DBB199F50AF00433A3C /* icon_finish@2x.png in Resources */,
				45DD09691A0220BB000AA480 /* group_nodes.json in Resources */,
				45288DCF19A08D9E00433A3C /* MenuItemCell.xib in Resources */,
				45AB788A196A2F1B0036DC0F /* MenuViewController.xib in Resources */,
				45B9A37B199C9FCC009901AE /* AllNodesViewController.xib in Resources */,
				45288DE419A0CD4800433A3C /* BookmarkItemCell.xib in Resources */,
				45DD08F719FA4AA4000AA480 /* MemberTopicCell.xib in Resources */,
				459911A1196544B50098BEB3 /* Images.xcassets in Resources */,
				45288DBA199F50AF00433A3C /* icon_add@2x.png in Resources */,
				45288DD419A0979500433A3C /* AccountCell.xib in Resources */,
				45DD09F81A15A8AB000AA480 /* TestView.xib in Resources */,
				45DD094A19FE8582000AA480 /* TopicView2.xib in Resources */,
				455630501998635A004A0F19 /* icon_comment.png in Resources */,
				45D94BDA1988F10100CBD1BC /* TopicListViewController.xib in Resources */,
				45DD094519FE433D000AA480 /* refresh@2x.png in Resources */,
				45DD091119FD42F4000AA480 /* icon_more.png in Resources */,
				4546F39619751D4900F9E7CC /* CommentItemCell.xib in Resources */,
				45DD094C19FF705C000AA480 /* MemberProfileView2.xib in Resources */,
				45DD08FC19FA4AB6000AA480 /* MemberReplyCell.xib in Resources */,
				45288DC7199F55B600433A3C /* icon_comment.png in Resources */,
				45288DC5199F55B600433A3C /* icon_all_nodes.png in Resources */,
				45288DDF19A0CD1C00433A3C /* BookmarkViewController.xib in Resources */,
				45989AC71991EBD600873C5B /* topics.json in Resources */,
				45DD090119FC8AA9000AA480 /* logo@2x.png in Resources */,
				45DD090419FC8FEE000AA480 /* carat_open.png in Resources */,
				45DD090519FC8FEE000AA480 /* carat.png in Resources */,
				45288DBC199F50AF00433A3C /* icon_menu@2x.png in Resources */,
				45AF1BC21990B1E4004A229F /* weibo_topics.json in Resources */,
				45288DC4199F55B600433A3C /* icon_account@2x.png in Resources */,
				45DD090C19FD4187000AA480 /* MemberSectionHeader.xib in Resources */,
				4546F38C1975199E00F9E7CC /* TopicViewController.xib in Resources */,
				45288DB4199E606900433A3C /* all_nodes.json in Resources */,
				45288DC9199F55B600433A3C /* icon_latest.png in Resources */,
				45288DCA199F55B600433A3C /* icon_setting.png in Resources */,
				45B9A380199CA311009901AE /* NodeItemCell.xib in Resources */,
				45DD096F1A025A5E000AA480 /* TestViewController.xib in Resources */,
				45288DEE19A0FB4900433A3C /* AccountViewController.xib in Resources */,
			);
			runOnlyForDeploymentPostprocessing = 0;
		};
		459911A4196544B50098BEB3 /* Resources */ = {
			isa = PBXResourcesBuildPhase;
			buildActionMask = 2147483647;
			files = (
				459911B2196544B50098BEB3 /* InfoPlist.strings in Resources */,
			);
			runOnlyForDeploymentPostprocessing = 0;
		};
/* End PBXResourcesBuildPhase section */

/* Begin PBXShellScriptBuildPhase section */
		2D1742775952471083FF030C /* Check Pods Manifest.lock */ = {
			isa = PBXShellScriptBuildPhase;
			buildActionMask = 2147483647;
			files = (
			);
			inputPaths = (
			);
			name = "Check Pods Manifest.lock";
			outputPaths = (
			);
			runOnlyForDeploymentPostprocessing = 0;
			shellPath = /bin/sh;
			shellScript = "diff \"${PODS_ROOT}/../Podfile.lock\" \"${PODS_ROOT}/Manifest.lock\" > /dev/null\nif [[ $? != 0 ]] ; then\n    cat << EOM\nerror: The sandbox is not in sync with the Podfile.lock. Run 'pod install' or update your CocoaPods installation.\nEOM\n    exit 1\nfi\n";
			showEnvVarsInLog = 0;
		};
		A3E4F8E20C244870A8501D7B /* Copy Pods Resources */ = {
			isa = PBXShellScriptBuildPhase;
			buildActionMask = 2147483647;
			files = (
			);
			inputPaths = (
			);
			name = "Copy Pods Resources";
			outputPaths = (
			);
			runOnlyForDeploymentPostprocessing = 0;
			shellPath = /bin/sh;
			shellScript = "\"${SRCROOT}/Pods/Target Support Files/Pods/Pods-resources.sh\"\n";
			showEnvVarsInLog = 0;
		};
/* End PBXShellScriptBuildPhase section */

/* Begin PBXSourcesBuildPhase section */
		45991187196544B50098BEB3 /* Sources */ = {
			isa = PBXSourcesBuildPhase;
			buildActionMask = 2147483647;
			files = (
				45A882071989E249008665E3 /* TopicItemCell.m in Sources */,
				45288DF119A0FEE800433A3C /* BaseTableViewController.m in Sources */,
				45DD08E519F9F390000AA480 /* TopicMemberParser.m in Sources */,
				45DD094819FE855F000AA480 /* TopicView2.m in Sources */,
				45DD08FF19FA8D1E000AA480 /* MemberParser.m in Sources */,
				452B28F719A481BF0096E8C9 /* NSString+ShortName.m in Sources */,
				45288DD719A0ADD600433A3C /* CoreStore.m in Sources */,
				45288DDA19A0ADEC00433A3C /* CoreStore+V2EX.m in Sources */,
				45288DED19A0FB4900433A3C /* AccountViewController.m in Sources */,
				4556304E19985B9D004A0F19 /* UIColor+GL.m in Sources */,
				45A845B619F8CD38007AC6AA /* Site.m in Sources */,
				45DD08F619FA4AA4000AA480 /* MemberTopicCell.m in Sources */,
				45EED795196690E6004FA897 /* NestedNibView.m in Sources */,
				45288DE819A0FA6D00433A3C /* SettingViewController.m in Sources */,
				45DD090F19FD419E000AA480 /* MemberSectionHeader.m in Sources */,
				45DD096D1A023846000AA480 /* Group.m in Sources */,
				45A845B319F8CD0C007AC6AA /* Member.m in Sources */,
				4546F39219751D2900F9E7CC /* CommentItemCell.m in Sources */,
				45A845AA19F8CC82007AC6AA /* Node.m in Sources */,
				454E04C219B2B8EA0097E828 /* TestViewController.m in Sources */,
				45288DDE19A0CD1C00433A3C /* BookmarkViewController.m in Sources */,
				45DD09F71A15A8AB000AA480 /* TestView.m in Sources */,
				4599119B196544B50098BEB3 /* main.m in Sources */,
				45288DD319A0979500433A3C /* AccountCell.m in Sources */,
				45AB7884196A2E9A0036DC0F /* NSData+MD5.m in Sources */,
				45EED790196690DE004FA897 /* UIView+Xib.m in Sources */,
				45B9A37F199CA311009901AE /* NodeItemCell.m in Sources */,
				45288DE319A0CD4800433A3C /* BookmarkItemCell.m in Sources */,
				45DD08E819FA2DD4000AA480 /* ReplyParser.m in Sources */,
				45DD08FB19FA4AB6000AA480 /* MemberReplyCell.m in Sources */,
				45A88210198A27E7008665E3 /* SymbolAttributedLabel.m in Sources */,
				4546F38B1975199E00F9E7CC /* TopicViewController.m in Sources */,
				45EED78919664857004FA897 /* AppClient.m in Sources */,
				45DD08E219F9F200000AA480 /* TopicParser.m in Sources */,
				45E27A7B1977870500579D4E /* UIView+Frame.m in Sources */,
				45EED78D19665014004FA897 /* AppData.m in Sources */,
				45D94BD91988F10100CBD1BC /* TopicListViewController.m in Sources */,
				45493C2D19A9E07E0063669F /* NSString+Html.m in Sources */,
				45DD094F19FF7079000AA480 /* MemberProfileView2.m in Sources */,
				45288DB2199E55F900433A3C /* AppDelegate.m in Sources */,
				45288DCE19A08D9E00433A3C /* MenuItemCell.m in Sources */,
				45DD08EC19FA4A36000AA480 /* MemberViewController.m in Sources */,
				45B9A37A199C9FCC009901AE /* AllNodesViewController.m in Sources */,
				45A845B019F8CD03007AC6AA /* Reply.m in Sources */,
				45AB7885196A2E9A0036DC0F /* NSDate+General.m in Sources */,
				45AB789B196D43AA0036DC0F /* UIImage+Color.m in Sources */,
				45EED796196690E6004FA897 /* NibWrapperView.m in Sources */,
				45A845AD19F8CC93007AC6AA /* Topic.m in Sources */,
				45AB7889196A2F1B0036DC0F /* MenuViewController.m in Sources */,
			);
			runOnlyForDeploymentPostprocessing = 0;
		};
		459911A2196544B50098BEB3 /* Sources */ = {
			isa = PBXSourcesBuildPhase;
			buildActionMask = 2147483647;
			files = (
				459911B4196544B50098BEB3 /* V2EXTests.m in Sources */,
			);
			runOnlyForDeploymentPostprocessing = 0;
		};
/* End PBXSourcesBuildPhase section */

/* Begin PBXTargetDependency section */
		459911AC196544B50098BEB3 /* PBXTargetDependency */ = {
			isa = PBXTargetDependency;
			target = 4599118A196544B50098BEB3 /* V2EX */;
			targetProxy = 459911AB196544B50098BEB3 /* PBXContainerItemProxy */;
		};
/* End PBXTargetDependency section */

/* Begin PBXVariantGroup section */
		45991197196544B50098BEB3 /* InfoPlist.strings */ = {
			isa = PBXVariantGroup;
			children = (
				45991198196544B50098BEB3 /* en */,
			);
			name = InfoPlist.strings;
			sourceTree = "<group>";
		};
		459911B0196544B50098BEB3 /* InfoPlist.strings */ = {
			isa = PBXVariantGroup;
			children = (
				459911B1196544B50098BEB3 /* en */,
			);
			name = InfoPlist.strings;
			sourceTree = "<group>";
		};
/* End PBXVariantGroup section */

/* Begin XCBuildConfiguration section */
		459911B5196544B50098BEB3 /* Debug */ = {
			isa = XCBuildConfiguration;
			buildSettings = {
				ALWAYS_SEARCH_USER_PATHS = NO;
				CLANG_CXX_LANGUAGE_STANDARD = "gnu++0x";
				CLANG_CXX_LIBRARY = "libc++";
				CLANG_ENABLE_MODULES = YES;
				CLANG_ENABLE_OBJC_ARC = YES;
				CLANG_WARN_BOOL_CONVERSION = YES;
				CLANG_WARN_CONSTANT_CONVERSION = YES;
				CLANG_WARN_DIRECT_OBJC_ISA_USAGE = YES_ERROR;
				CLANG_WARN_EMPTY_BODY = YES;
				CLANG_WARN_ENUM_CONVERSION = YES;
				CLANG_WARN_INT_CONVERSION = YES;
				CLANG_WARN_OBJC_ROOT_CLASS = YES_ERROR;
				CLANG_WARN__DUPLICATE_METHOD_MATCH = YES;
				"CODE_SIGN_IDENTITY[sdk=iphoneos*]" = "iPhone Developer";
				COPY_PHASE_STRIP = NO;
				GCC_C_LANGUAGE_STANDARD = gnu99;
				GCC_DYNAMIC_NO_PIC = NO;
				GCC_OPTIMIZATION_LEVEL = 0;
				GCC_PREPROCESSOR_DEFINITIONS = (
					"DEBUG=1",
					"$(inherited)",
				);
				GCC_SYMBOLS_PRIVATE_EXTERN = NO;
				GCC_WARN_64_TO_32_BIT_CONVERSION = YES;
				GCC_WARN_ABOUT_RETURN_TYPE = YES_ERROR;
				GCC_WARN_UNDECLARED_SELECTOR = YES;
				GCC_WARN_UNINITIALIZED_AUTOS = YES_AGGRESSIVE;
				GCC_WARN_UNUSED_FUNCTION = YES;
				GCC_WARN_UNUSED_VARIABLE = YES;
				IPHONEOS_DEPLOYMENT_TARGET = 7.1;
				ONLY_ACTIVE_ARCH = YES;
				SDKROOT = iphoneos;
			};
			name = Debug;
		};
		459911B6196544B50098BEB3 /* Release */ = {
			isa = XCBuildConfiguration;
			buildSettings = {
				ALWAYS_SEARCH_USER_PATHS = NO;
				CLANG_CXX_LANGUAGE_STANDARD = "gnu++0x";
				CLANG_CXX_LIBRARY = "libc++";
				CLANG_ENABLE_MODULES = YES;
				CLANG_ENABLE_OBJC_ARC = YES;
				CLANG_WARN_BOOL_CONVERSION = YES;
				CLANG_WARN_CONSTANT_CONVERSION = YES;
				CLANG_WARN_DIRECT_OBJC_ISA_USAGE = YES_ERROR;
				CLANG_WARN_EMPTY_BODY = YES;
				CLANG_WARN_ENUM_CONVERSION = YES;
				CLANG_WARN_INT_CONVERSION = YES;
				CLANG_WARN_OBJC_ROOT_CLASS = YES_ERROR;
				CLANG_WARN__DUPLICATE_METHOD_MATCH = YES;
				"CODE_SIGN_IDENTITY[sdk=iphoneos*]" = "iPhone Developer";
				COPY_PHASE_STRIP = YES;
				ENABLE_NS_ASSERTIONS = NO;
				GCC_C_LANGUAGE_STANDARD = gnu99;
				GCC_WARN_64_TO_32_BIT_CONVERSION = YES;
				GCC_WARN_ABOUT_RETURN_TYPE = YES_ERROR;
				GCC_WARN_UNDECLARED_SELECTOR = YES;
				GCC_WARN_UNINITIALIZED_AUTOS = YES_AGGRESSIVE;
				GCC_WARN_UNUSED_FUNCTION = YES;
				GCC_WARN_UNUSED_VARIABLE = YES;
				IPHONEOS_DEPLOYMENT_TARGET = 7.1;
				SDKROOT = iphoneos;
				VALIDATE_PRODUCT = YES;
			};
			name = Release;
		};
		459911B8196544B50098BEB3 /* Debug */ = {
			isa = XCBuildConfiguration;
			baseConfigurationReference = 8F6A4C1A9C6B3E3A25C0D291 /* Pods.debug.xcconfig */;
			buildSettings = {
				ASSETCATALOG_COMPILER_APPICON_NAME = AppIcon;
				ASSETCATALOG_COMPILER_LAUNCHIMAGE_NAME = LaunchImage;
				CODE_SIGN_IDENTITY = "iPhone Developer";
				"CODE_SIGN_IDENTITY[sdk=iphoneos*]" = "iPhone Developer";
				GCC_PRECOMPILE_PREFIX_HEADER = YES;
				GCC_PREFIX_HEADER = "V2EX/V2EX-Prefix.pch";
				INFOPLIST_FILE = "V2EX/V2EX-Info.plist";
				IPHONEOS_DEPLOYMENT_TARGET = 7.0;
				PRODUCT_NAME = "$(TARGET_NAME)";
				PROVISIONING_PROFILE = "38e9b40d-6850-47f6-98aa-50fa1ce5384b";
				WRAPPER_EXTENSION = app;
			};
			name = Debug;
		};
		459911B9196544B50098BEB3 /* Release */ = {
			isa = XCBuildConfiguration;
			baseConfigurationReference = 14182B4CD5A412DD7BECAEE2 /* Pods.release.xcconfig */;
			buildSettings = {
				ASSETCATALOG_COMPILER_APPICON_NAME = AppIcon;
				ASSETCATALOG_COMPILER_LAUNCHIMAGE_NAME = LaunchImage;
				CODE_SIGN_IDENTITY = "iPhone Distribution";
				"CODE_SIGN_IDENTITY[sdk=iphoneos*]" = "iPhone Distribution: Fang Tang (Z2QBNPS4J2)";
				GCC_PRECOMPILE_PREFIX_HEADER = YES;
				GCC_PREFIX_HEADER = "V2EX/V2EX-Prefix.pch";
				INFOPLIST_FILE = "V2EX/V2EX-Info.plist";
				IPHONEOS_DEPLOYMENT_TARGET = 7.0;
				PRODUCT_NAME = "$(TARGET_NAME)";
				PROVISIONING_PROFILE = "38e9b40d-6850-47f6-98aa-50fa1ce5384b";
				WRAPPER_EXTENSION = app;
			};
			name = Release;
		};
		459911BB196544B50098BEB3 /* Debug */ = {
			isa = XCBuildConfiguration;
			buildSettings = {
				BUNDLE_LOADER = "$(BUILT_PRODUCTS_DIR)/V2EX.app/V2EX";
				FRAMEWORK_SEARCH_PATHS = (
					"$(SDKROOT)/Developer/Library/Frameworks",
					"$(inherited)",
					"$(DEVELOPER_FRAMEWORKS_DIR)",
				);
				GCC_PRECOMPILE_PREFIX_HEADER = YES;
				GCC_PREFIX_HEADER = "V2EX/V2EX-Prefix.pch";
				GCC_PREPROCESSOR_DEFINITIONS = (
					"DEBUG=1",
					"$(inherited)",
				);
				INFOPLIST_FILE = "V2EXTests/V2EXTests-Info.plist";
				PRODUCT_NAME = "$(TARGET_NAME)";
				TEST_HOST = "$(BUNDLE_LOADER)";
				WRAPPER_EXTENSION = xctest;
			};
			name = Debug;
		};
		459911BC196544B50098BEB3 /* Release */ = {
			isa = XCBuildConfiguration;
			buildSettings = {
				BUNDLE_LOADER = "$(BUILT_PRODUCTS_DIR)/V2EX.app/V2EX";
				FRAMEWORK_SEARCH_PATHS = (
					"$(SDKROOT)/Developer/Library/Frameworks",
					"$(inherited)",
					"$(DEVELOPER_FRAMEWORKS_DIR)",
				);
				GCC_PRECOMPILE_PREFIX_HEADER = YES;
				GCC_PREFIX_HEADER = "V2EX/V2EX-Prefix.pch";
				INFOPLIST_FILE = "V2EXTests/V2EXTests-Info.plist";
				PRODUCT_NAME = "$(TARGET_NAME)";
				TEST_HOST = "$(BUNDLE_LOADER)";
				WRAPPER_EXTENSION = xctest;
			};
			name = Release;
		};
/* End XCBuildConfiguration section */

/* Begin XCConfigurationList section */
		45991186196544B50098BEB3 /* Build configuration list for PBXProject "V2EX" */ = {
			isa = XCConfigurationList;
			buildConfigurations = (
				459911B5196544B50098BEB3 /* Debug */,
				459911B6196544B50098BEB3 /* Release */,
			);
			defaultConfigurationIsVisible = 0;
			defaultConfigurationName = Release;
		};
		459911B7196544B50098BEB3 /* Build configuration list for PBXNativeTarget "V2EX" */ = {
			isa = XCConfigurationList;
			buildConfigurations = (
				459911B8196544B50098BEB3 /* Debug */,
				459911B9196544B50098BEB3 /* Release */,
			);
			defaultConfigurationIsVisible = 0;
			defaultConfigurationName = Release;
		};
		459911BA196544B50098BEB3 /* Build configuration list for PBXNativeTarget "V2EXTests" */ = {
			isa = XCConfigurationList;
			buildConfigurations = (
				459911BB196544B50098BEB3 /* Debug */,
				459911BC196544B50098BEB3 /* Release */,
			);
			defaultConfigurationIsVisible = 0;
			defaultConfigurationName = Release;
		};
/* End XCConfigurationList section */
	};
	rootObject = 45991183196544B50098BEB3 /* Project object */;
}
